
Microsoft Visual Studio Solution File, Format Version 12.00
# Visual Studio Version 16
VisualStudioVersion = 16.0.29905.134
MinimumVisualStudioVersion = 10.0.40219.1
Project("{9A19103F-16F7-4668-BE54-9A1E7A4F7556}") = "NetSalaryCalculator", "NetSalaryCalculator.csproj", "{3B4E34D1-BE69-4C2E-9C43-598EE09E6CDF}"
EndProject
Global
	GlobalSection(SolutionConfigurationPlatforms) = preSolution
		Debug|Any CPU = Debug|Any CPU
		Release|Any CPU = Release|Any CPU
	EndGlobalSection
	GlobalSection(ProjectConfigurationPlatforms) = postSolution
		{3B4E34D1-BE69-4C2E-9C43-598EE09E6CDF}.Debug|Any CPU.ActiveCfg = Debug|Any CPU
		{3B4E34D1-BE69-4C2E-9C43-598EE09E6CDF}.Debug|Any CPU.Build.0 = Debug|Any CPU
		{3B4E34D1-BE69-4C2E-9C43-598EE09E6CDF}.Release|Any CPU.ActiveCfg = Release|Any CPU
		{3B4E34D1-BE69-4C2E-9C43-598EE09E6CDF}.Release|Any CPU.Build.0 = Release|Any CPU
	EndGlobalSection
	GlobalSection(SolutionProperties) = preSolution
		HideSolutionNode = FALSE
	EndGlobalSection
	GlobalSection(ExtensibilityGlobals) = postSolution
		SolutionGuid = {45E7EEB7-DA75-4143-9263-2AC2BCE08332}
	EndGlobalSection
EndGlobal
